// !$*UTF8*$!
{
	archiveVersion = 1;
	classes = {
	};
	objectVersion = 50;
	objects = {

/* Begin PBXBuildFile section */
		348431BF2CB2F89B0065433F /* AppDelegate.swift in Sources */ = {isa = PBXBuildFile; fileRef = 348431BE2CB2F89B0065433F /* AppDelegate.swift */; };
		348431C12CB2F89B0065433F /* SceneDelegate.swift in Sources */ = {isa = PBXBuildFile; fileRef = 348431C02CB2F89B0065433F /* SceneDelegate.swift */; };
		348431C32CB2F89B0065433F /* ViewController.swift in Sources */ = {isa = PBXBuildFile; fileRef = 348431C22CB2F89B0065433F /* ViewController.swift */; };
		348431C62CB2F89B0065433F /* Main.storyboard in Resources */ = {isa = PBXBuildFile; fileRef = 348431C42CB2F89B0065433F /* Main.storyboard */; };
		348431C92CB2F89B0065433F /* OrtizOrtegaColeccionDeJuegos2.xcdatamodeld in Sources */ = {isa = PBXBuildFile; fileRef = 348431C72CB2F89B0065433F /* OrtizOrtegaColeccionDeJuegos2.xcdatamodeld */; };
		348431CB2CB2F89C0065433F /* Assets.xcassets in Resources */ = {isa = PBXBuildFile; fileRef = 348431CA2CB2F89C0065433F /* Assets.xcassets */; };
		348431CE2CB2F89C0065433F /* LaunchScreen.storyboard in Resources */ = {isa = PBXBuildFile; fileRef = 348431CC2CB2F89C0065433F /* LaunchScreen.storyboard */; };
		348431D62CB318FE0065433F /* JuegosViewController.swift in Sources */ = {isa = PBXBuildFile; fileRef = 348431D52CB318FE0065433F /* JuegosViewController.swift */; };
/* End PBXBuildFile section */

/* Begin PBXFileReference section */
		348431BB2CB2F89B0065433F /* OrtizOrtegaColeccionDeJuegos2.app */ = {isa = PBXFileReference; explicitFileType = wrapper.application; includeInIndex = 0; path = OrtizOrtegaColeccionDeJuegos2.app; sourceTree = BUILT_PRODUCTS_DIR; };
		348431BE2CB2F89B0065433F /* AppDelegate.swift */ = {isa = PBXFileReference; lastKnownFileType = sourcecode.swift; path = AppDelegate.swift; sourceTree = "<group>"; };
		348431C02CB2F89B0065433F /* SceneDelegate.swift */ = {isa = PBXFileReference; lastKnownFileType = sourcecode.swift; path = SceneDelegate.swift; sourceTree = "<group>"; };
		348431C22CB2F89B0065433F /* ViewController.swift */ = {isa = PBXFileReference; lastKnownFileType = sourcecode.swift; path = ViewController.swift; sourceTree = "<group>"; };
		348431C52CB2F89B0065433F /* Base */ = {isa = PBXFileReference; lastKnownFileType = file.storyboard; name = Base; path = Base.lproj/Main.storyboard; sourceTree = "<group>"; };
		348431C82CB2F89B0065433F /* OrtizOrtegaColeccionDeJuegos2.xcdatamodel */ = {isa = PBXFileReference; lastKnownFileType = wrapper.xcdatamodel; path = OrtizOrtegaColeccionDeJuegos2.xcdatamodel; sourceTree = "<group>"; };
		348431CA2CB2F89C0065433F /* Assets.xcassets */ = {isa = PBXFileReference; lastKnownFileType = folder.assetcatalog; path = Assets.xcassets; sourceTree = "<group>"; };
		348431CD2CB2F89C0065433F /* Base */ = {isa = PBXFileReference; lastKnownFileType = file.storyboard; name = Base; path = Base.lproj/LaunchScreen.storyboard; sourceTree = "<group>"; };
		348431CF2CB2F89C0065433F /* Info.plist */ = {isa = PBXFileReference; lastKnownFileType = text.plist.xml; path = Info.plist; sourceTree = "<group>"; };
		348431D52CB318FE0065433F /* JuegosViewController.swift */ = {isa = PBXFileReference; lastKnownFileType = sourcecode.swift; path = JuegosViewController.swift; sourceTree = "<group>"; };
/* End PBXFileReference section */

/* Begin PBXFrameworksBuildPhase section */
		348431B82CB2F89B0065433F /* Frameworks */ = {
			isa = PBXFrameworksBuildPhase;
			buildActionMask = 2147483647;
			files = (
			);
			runOnlyForDeploymentPostprocessing = 0;
		};
/* End PBXFrameworksBuildPhase section */

/* Begin PBXGroup section */
		348431B22CB2F89B0065433F = {
			isa = PBXGroup;
			children = (
				348431BD2CB2F89B0065433F /* OrtizOrtegaColeccionDeJuegos2 */,
				348431BC2CB2F89B0065433F /* Products */,
			);
			sourceTree = "<group>";
		};
		348431BC2CB2F89B0065433F /* Products */ = {
			isa = PBXGroup;
			children = (
				348431BB2CB2F89B0065433F /* OrtizOrtegaColeccionDeJuegos2.app */,
			);
			name = Products;
			sourceTree = "<group>";
		};
		348431BD2CB2F89B0065433F /* OrtizOrtegaColeccionDeJuegos2 */ = {
			isa = PBXGroup;
			children = (
				348431D52CB318FE0065433F /* JuegosViewController.swift */,
				348431BE2CB2F89B0065433F /* AppDelegate.swift */,
				348431C02CB2F89B0065433F /* SceneDelegate.swift */,
				348431C22CB2F89B0065433F /* ViewController.swift */,
				348431C42CB2F89B0065433F /* Main.storyboard */,
				348431CA2CB2F89C0065433F /* Assets.xcassets */,
				348431CC2CB2F89C0065433F /* LaunchScreen.storyboard */,
				348431CF2CB2F89C0065433F /* Info.plist */,
				348431C72CB2F89B0065433F /* OrtizOrtegaColeccionDeJuegos2.xcdatamodeld */,
			);
			path = OrtizOrtegaColeccionDeJuegos2;
			sourceTree = "<group>";
		};
/* End PBXGroup section */

/* Begin PBXNativeTarget section */
		348431BA2CB2F89B0065433F /* OrtizOrtegaColeccionDeJuegos2 */ = {
			isa = PBXNativeTarget;
			buildConfigurationList = 348431D22CB2F89C0065433F /* Build configuration list for PBXNativeTarget "OrtizOrtegaColeccionDeJuegos2" */;
			buildPhases = (
				348431B72CB2F89B0065433F /* Sources */,
				348431B82CB2F89B0065433F /* Frameworks */,
				348431B92CB2F89B0065433F /* Resources */,
			);
			buildRules = (
			);
			dependencies = (
			);
			name = OrtizOrtegaColeccionDeJuegos2;
			productName = OrtizOrtegaColeccionDeJuegos2;
			productReference = 348431BB2CB2F89B0065433F /* OrtizOrtegaColeccionDeJuegos2.app */;
			productType = "com.apple.product-type.application";
		};
/* End PBXNativeTarget section */

/* Begin PBXProject section */
		348431B32CB2F89B0065433F /* Project object */ = {
			isa = PBXProject;
			attributes = {
				LastSwiftUpdateCheck = 1250;
				LastUpgradeCheck = 1250;
				TargetAttributes = {
					348431BA2CB2F89B0065433F = {
						CreatedOnToolsVersion = 12.5;
					};
				};
			};
			buildConfigurationList = 348431B62CB2F89B0065433F /* Build configuration list for PBXProject "OrtizOrtegaColeccionDeJuegos2" */;
			compatibilityVersion = "Xcode 9.3";
			developmentRegion = en;
			hasScannedForEncodings = 0;
			knownRegions = (
				en,
				Base,
			);
			mainGroup = 348431B22CB2F89B0065433F;
			productRefGroup = 348431BC2CB2F89B0065433F /* Products */;
			projectDirPath = "";
			projectRoot = "";
			targets = (
				348431BA2CB2F89B0065433F /* OrtizOrtegaColeccionDeJuegos2 */,
			);
		};
/* End PBXProject section */

/* Begin PBXResourcesBuildPhase section */
		348431B92CB2F89B0065433F /* Resources */ = {
			isa = PBXResourcesBuildPhase;
			buildActionMask = 2147483647;
			files = (
				348431CE2CB2F89C0065433F /* LaunchScreen.storyboard in Resources */,
				348431CB2CB2F89C0065433F /* Assets.xcassets in Resources */,
				348431C62CB2F89B0065433F /* Main.storyboard in Resources */,
			);
			runOnlyForDeploymentPostprocessing = 0;
		};
/* End PBXResourcesBuildPhase section */

/* Begin PBXSourcesBuildPhase section */
		348431B72CB2F89B0065433F /* Sources */ = {
			isa = PBXSourcesBuildPhase;
			buildActionMask = 2147483647;
			files = (
				348431D62CB318FE0065433F /* JuegosViewController.swift in Sources */,
				348431C32CB2F89B0065433F /* ViewController.swift in Sources */,
				348431BF2CB2F89B0065433F /* AppDelegate.swift in Sources */,
				348431C12CB2F89B0065433F /* SceneDelegate.swift in Sources */,
				348431C92CB2F89B0065433F /* OrtizOrtegaColeccionDeJuegos2.xcdatamodeld in Sources */,
			);
			runOnlyForDeploymentPostprocessing = 0;
		};
/* End PBXSourcesBuildPhase section */

/* Begin PBXVariantGroup section */
		348431C42CB2F89B0065433F /* Main.storyboard */ = {
			isa = PBXVariantGroup;
			children = (
				348431C52CB2F89B0065433F /* Base */,
			);
			name = Main.storyboard;
			sourceTree = "<group>";
		};
		348431CC2CB2F89C0065433F /* LaunchScreen.storyboard */ = {
			isa = PBXVariantGroup;
			children = (
				348431CD2CB2F89C0065433F /* Base */,
			);
			name = LaunchScreen.storyboard;
			sourceTree = "<group>";
		};
/* End PBXVariantGroup section */

/* Begin XCBuildConfiguration section */
		348431D02CB2F89C0065433F /* Debug */ = {
			isa = XCBuildConfiguration;
			buildSettings = {
				ALWAYS_SEARCH_USER_PATHS = NO;
				CLANG_ANALYZER_NONNULL = YES;
				CLANG_ANALYZER_NUMBER_OBJECT_CONVERSION = YES_AGGRESSIVE;
				CLANG_CXX_LANGUAGE_STANDARD = "gnu++14";
				CLANG_CXX_LIBRARY = "libc++";
				CLANG_ENABLE_MODULES = YES;
				CLANG_ENABLE_OBJC_ARC = YES;
				CLANG_ENABLE_OBJC_WEAK = YES;
				CLANG_WARN_BLOCK_CAPTURE_AUTORELEASING = YES;
				CLANG_WARN_BOOL_CONVERSION = YES;
				CLANG_WARN_COMMA = YES;
				CLANG_WARN_CONSTANT_CONVERSION = YES;
				CLANG_WARN_DEPRECATED_OBJC_IMPLEMENTATIONS = YES;
				CLANG_WARN_DIRECT_OBJC_ISA_USAGE = YES_ERROR;
				CLANG_WARN_DOCUMENTATION_COMMENTS = YES;
				CLANG_WARN_EMPTY_BODY = YES;
				CLANG_WARN_ENUM_CONVERSION = YES;
				CLANG_WARN_INFINITE_RECURSION = YES;
				CLANG_WARN_INT_CONVERSION = YES;
				CLANG_WARN_NON_LITERAL_NULL_CONVERSION = YES;
				CLANG_WARN_OBJC_IMPLICIT_RETAIN_SELF = YES;
				CLANG_WARN_OBJC_LITERAL_CONVERSION = YES;
				CLANG_WARN_OBJC_ROOT_CLASS = YES_ERROR;
				CLANG_WARN_QUOTED_INCLUDE_IN_FRAMEWORK_HEADER = YES;
				CLANG_WARN_RANGE_LOOP_ANALYSIS = YES;
				CLANG_WARN_STRICT_PROTOTYPES = YES;
				CLANG_WARN_SUSPICIOUS_MOVE = YES;
				CLANG_WARN_UNGUARDED_AVAILABILITY = YES_AGGRESSIVE;
				CLANG_WARN_UNREACHABLE_CODE = YES;
				CLANG_WARN__DUPLICATE_METHOD_MATCH = YES;
				COPY_PHASE_STRIP = NO;
				DEBUG_INFORMATION_FORMAT = dwarf;
				ENABLE_STRICT_OBJC_MSGSEND = YES;
				ENABLE_TESTABILITY = YES;
				GCC_C_LANGUAGE_STANDARD = gnu11;
				GCC_DYNAMIC_NO_PIC = NO;
				GCC_NO_COMMON_BLOCKS = YES;
				GCC_OPTIMIZATION_LEVEL = 0;
				GCC_PREPROCESSOR_DEFINITIONS = (
					"DEBUG=1",
					"$(inherited)",
				);
				GCC_WARN_64_TO_32_BIT_CONVERSION = YES;
				GCC_WARN_ABOUT_RETURN_TYPE = YES_ERROR;
				GCC_WARN_UNDECLARED_SELECTOR = YES;
				GCC_WARN_UNINITIALIZED_AUTOS = YES_AGGRESSIVE;
				GCC_WARN_UNUSED_FUNCTION = YES;
				GCC_WARN_UNUSED_VARIABLE = YES;
				IPHONEOS_DEPLOYMENT_TARGET = 14.5;
				MTL_ENABLE_DEBUG_INFO = INCLUDE_SOURCE;
				MTL_FAST_MATH = YES;
				ONLY_ACTIVE_ARCH = YES;
				SDKROOT = iphoneos;
				SWIFT_ACTIVE_COMPILATION_CONDITIONS = DEBUG;
				SWIFT_OPTIMIZATION_LEVEL = "-Onone";
			};
			name = Debug;
		};
		348431D12CB2F89C0065433F /* Release */ = {
			isa = XCBuildConfiguration;
			buildSettings = {
				ALWAYS_SEARCH_USER_PATHS = NO;
				CLANG_ANALYZER_NONNULL = YES;
				CLANG_ANALYZER_NUMBER_OBJECT_CONVERSION = YES_AGGRESSIVE;
				CLANG_CXX_LANGUAGE_STANDARD = "gnu++14";
				CLANG_CXX_LIBRARY = "libc++";
				CLANG_ENABLE_MODULES = YES;
				CLANG_ENABLE_OBJC_ARC = YES;
				CLANG_ENABLE_OBJC_WEAK = YES;
				CLANG_WARN_BLOCK_CAPTURE_AUTORELEASING = YES;
				CLANG_WARN_BOOL_CONVERSION = YES;
				CLANG_WARN_COMMA = YES;
				CLANG_WARN_CONSTANT_CONVERSION = YES;
				CLANG_WARN_DEPRECATED_OBJC_IMPLEMENTATIONS = YES;
				CLANG_WARN_DIRECT_OBJC_ISA_USAGE = YES_ERROR;
				CLANG_WARN_DOCUMENTATION_COMMENTS = YES;
				CLANG_WARN_EMPTY_BODY = YES;
				CLANG_WARN_ENUM_CONVERSION = YES;
				CLANG_WARN_INFINITE_RECURSION = YES;
				CLANG_WARN_INT_CONVERSION = YES;
				CLANG_WARN_NON_LITERAL_NULL_CONVERSION = YES;
				CLANG_WARN_OBJC_IMPLICIT_RETAIN_SELF = YES;
				CLANG_WARN_OBJC_LITERAL_CONVERSION = YES;
				CLANG_WARN_OBJC_ROOT_CLASS = YES_ERROR;
				CLANG_WARN_QUOTED_INCLUDE_IN_FRAMEWORK_HEADER = YES;
				CLANG_WARN_RANGE_LOOP_ANALYSIS = YES;
				CLANG_WARN_STRICT_PROTOTYPES = YES;
				CLANG_WARN_SUSPICIOUS_MOVE = YES;
				CLANG_WARN_UNGUARDED_AVAILABILITY = YES_AGGRESSIVE;
				CLANG_WARN_UNREACHABLE_CODE = YES;
				CLANG_WARN__DUPLICATE_METHOD_MATCH = YES;
				COPY_PHASE_STRIP = NO;
				DEBUG_INFORMATION_FORMAT = "dwarf-with-dsym";
				ENABLE_NS_ASSERTIONS = NO;
				ENABLE_STRICT_OBJC_MSGSEND = YES;
				GCC_C_LANGUAGE_STANDARD = gnu11;
				GCC_NO_COMMON_BLOCKS = YES;
				GCC_WARN_64_TO_32_BIT_CONVERSION = YES;
				GCC_WARN_ABOUT_RETURN_TYPE = YES_ERROR;
				GCC_WARN_UNDECLARED_SELECTOR = YES;
				GCC_WARN_UNINITIALIZED_AUTOS = YES_AGGRESSIVE;
				GCC_WARN_UNUSED_FUNCTION = YES;
				GCC_WARN_UNUSED_VARIABLE = YES;
				IPHONEOS_DEPLOYMENT_TARGET = 14.5;
				MTL_ENABLE_DEBUG_INFO = NO;
				MTL_FAST_MATH = YES;
				SDKROOT = iphoneos;
				SWIFT_COMPILATION_MODE = wholemodule;
				SWIFT_OPTIMIZATION_LEVEL = "-O";
				VALIDATE_PRODUCT = YES;
			};
			name = Release;
		};
		348431D32CB2F89C0065433F /* Debug */ = {
			isa = XCBuildConfiguration;
			buildSettings = {
				ASSETCATALOG_COMPILER_APPICON_NAME = AppIcon;
				ASSETCATALOG_COMPILER_GLOBAL_ACCENT_COLOR_NAME = AccentColor;
				CODE_SIGN_STYLE = Automatic;
				INFOPLIST_FILE = OrtizOrtegaColeccionDeJuegos2/Info.plist;
				LD_RUNPATH_SEARCH_PATHS = (
					"$(inherited)",
					"@executable_path/Frameworks",
				);
				PRODUCT_BUNDLE_IDENTIFIER = com.miempresa.OrtizOrtegaColeccionDeJuegos2;
				PRODUCT_NAME = "$(TARGET_NAME)";
				SWIFT_VERSION = 5.0;
				TARGETED_DEVICE_FAMILY = "1,2";
			};
			name = Debug;
		};
		348431D42CB2F89C0065433F /* Release */ = {
			isa = XCBuildConfiguration;
			buildSettings = {
				ASSETCATALOG_COMPILER_APPICON_NAME = AppIcon;
				ASSETCATALOG_COMPILER_GLOBAL_ACCENT_COLOR_NAME = AccentColor;
				CODE_SIGN_STYLE = Automatic;
				INFOPLIST_FILE = OrtizOrtegaColeccionDeJuegos2/Info.plist;
				LD_RUNPATH_SEARCH_PATHS = (
					"$(inherited)",
					"@executable_path/Frameworks",
				);
				PRODUCT_BUNDLE_IDENTIFIER = com.miempresa.OrtizOrtegaColeccionDeJuegos2;
				PRODUCT_NAME = "$(TARGET_NAME)";
				SWIFT_VERSION = 5.0;
				TARGETED_DEVICE_FAMILY = "1,2";
			};
			name = Release;
		};
/* End XCBuildConfiguration section */

/* Begin XCConfigurationList section */
		348431B62CB2F89B0065433F /* Build configuration list for PBXProject "OrtizOrtegaColeccionDeJuegos2" */ = {
			isa = XCConfigurationList;
			buildConfigurations = (
				348431D02CB2F89C0065433F /* Debug */,
				348431D12CB2F89C0065433F /* Release */,
			);
			defaultConfigurationIsVisible = 0;
			defaultConfigurationName = Release;
		};
		348431D22CB2F89C0065433F /* Build configuration list for PBXNativeTarget "OrtizOrtegaColeccionDeJuegos2" */ = {
			isa = XCConfigurationList;
			buildConfigurations = (
				348431D32CB2F89C0065433F /* Debug */,
				348431D42CB2F89C0065433F /* Release */,
			);
			defaultConfigurationIsVisible = 0;
			defaultConfigurationName = Release;
		};
/* End XCConfigurationList section */

/* Begin XCVersionGroup section */
		348431C72CB2F89B0065433F /* OrtizOrtegaColeccionDeJuegos2.xcdatamodeld */ = {
			isa = XCVersionGroup;
			children = (
				348431C82CB2F89B0065433F /* OrtizOrtegaColeccionDeJuegos2.xcdatamodel */,
			);
			currentVersion = 348431C82CB2F89B0065433F /* OrtizOrtegaColeccionDeJuegos2.xcdatamodel */;
			path = OrtizOrtegaColeccionDeJuegos2.xcdatamodeld;
			sourceTree = "<group>";
			versionGroupType = wrapper.xcdatamodel;
		};
/* End XCVersionGroup section */
	};
	rootObject = 348431B32CB2F89B0065433F /* Project object */;
}
